
Microsoft Visual Studio Solution File, Format Version 12.00
# Visual Studio 15
VisualStudioVersion = 15.0.27428.2011
MinimumVisualStudioVersion = 10.0.40219.1
Project("{FAE04EC0-301F-11D3-BF4B-00C04F79EFBC}") = "Lab1App", "Lab1App\Lab1App.csproj", "{BE4E005B-618E-42BB-A19B-0C391DFAA0D6}"
EndProject
Project("{FAE04EC0-301F-11D3-BF4B-00C04F79EFBC}") = "WcfLab1", "WcfLab1\WcfLab1.csproj", "{EC96F495-3F57-4F74-A559-AB0337933E78}"
EndProject
Global
	GlobalSection(SolutionConfigurationPlatforms) = preSolution
		Debug|Any CPU = Debug|Any CPU
		Release|Any CPU = Release|Any CPU
	EndGlobalSection
	GlobalSection(ProjectConfigurationPlatforms) = postSolution
		{BE4E005B-618E-42BB-A19B-0C391DFAA0D6}.Debug|Any CPU.ActiveCfg = Debug|Any CPU
		{BE4E005B-618E-42BB-A19B-0C391DFAA0D6}.Debug|Any CPU.Build.0 = Debug|Any CPU
		{BE4E005B-618E-42BB-A19B-0C391DFAA0D6}.Release|Any CPU.ActiveCfg = Release|Any CPU
		{BE4E005B-618E-42BB-A19B-0C391DFAA0D6}.Release|Any CPU.Build.0 = Release|Any CPU
		{EC96F495-3F57-4F74-A559-AB0337933E78}.Debug|Any CPU.ActiveCfg = Debug|Any CPU
		{EC96F495-3F57-4F74-A559-AB0337933E78}.Debug|Any CPU.Build.0 = Debug|Any CPU
		{EC96F495-3F57-4F74-A559-AB0337933E78}.Release|Any CPU.ActiveCfg = Release|Any CPU
		{EC96F495-3F57-4F74-A559-AB0337933E78}.Release|Any CPU.Build.0 = Release|Any CPU
	EndGlobalSection
	GlobalSection(SolutionProperties) = preSolution
		HideSolutionNode = FALSE
	EndGlobalSection
	GlobalSection(ExtensibilityGlobals) = postSolution
		SolutionGuid = {69DF7E7D-C309-4BDD-B0A7-F528286F5A43}
	EndGlobalSection
EndGlobal
